// !$*UTF8*$!
{
	archiveVersion = 1;
	classes = {
	};
	objectVersion = 50;
	objects = {

/* Begin PBXBuildFile section */
		070107BA25AD799000F71636 /* AppDelegate.swift in Sources */ = {isa = PBXBuildFile; fileRef = 070107B925AD799000F71636 /* AppDelegate.swift */; };
		070107C325AD799200F71636 /* Assets.xcassets in Resources */ = {isa = PBXBuildFile; fileRef = 070107C225AD799200F71636 /* Assets.xcassets */; };
		070107C625AD799200F71636 /* LaunchScreen.storyboard in Resources */ = {isa = PBXBuildFile; fileRef = 070107C425AD799200F71636 /* LaunchScreen.storyboard */; };
		070107F325AE8F7500F71636 /* MainViewController.swift in Sources */ = {isa = PBXBuildFile; fileRef = 070107F225AE8F7500F71636 /* MainViewController.swift */; };
		0701080325AE8FEE00F71636 /* HomeTableViewController.swift in Sources */ = {isa = PBXBuildFile; fileRef = 0701080225AE8FEE00F71636 /* HomeTableViewController.swift */; };
		0701080625AE8FF500F71636 /* MessageTableViewController.swift in Sources */ = {isa = PBXBuildFile; fileRef = 0701080525AE8FF500F71636 /* MessageTableViewController.swift */; };
		0701080925AE8FFE00F71636 /* DiscoverTableViewController.swift in Sources */ = {isa = PBXBuildFile; fileRef = 0701080825AE8FFE00F71636 /* DiscoverTableViewController.swift */; };
		0701080C25AE900500F71636 /* ProfileTableViewController.swift in Sources */ = {isa = PBXBuildFile; fileRef = 0701080B25AE900500F71636 /* ProfileTableViewController.swift */; };
/* End PBXBuildFile section */

/* Begin PBXFileReference section */
		070107B625AD799000F71636 /* WeiBo.app */ = {isa = PBXFileReference; explicitFileType = wrapper.application; includeInIndex = 0; path = WeiBo.app; sourceTree = BUILT_PRODUCTS_DIR; };
		070107B925AD799000F71636 /* AppDelegate.swift */ = {isa = PBXFileReference; lastKnownFileType = sourcecode.swift; path = AppDelegate.swift; sourceTree = "<group>"; };
		070107C225AD799200F71636 /* Assets.xcassets */ = {isa = PBXFileReference; lastKnownFileType = folder.assetcatalog; path = Assets.xcassets; sourceTree = "<group>"; };
		070107C525AD799200F71636 /* Base */ = {isa = PBXFileReference; lastKnownFileType = file.storyboard; name = Base; path = Base.lproj/LaunchScreen.storyboard; sourceTree = "<group>"; };
		070107C725AD799200F71636 /* Info.plist */ = {isa = PBXFileReference; lastKnownFileType = text.plist.xml; path = Info.plist; sourceTree = "<group>"; };
		070107F225AE8F7500F71636 /* MainViewController.swift */ = {isa = PBXFileReference; lastKnownFileType = sourcecode.swift; path = MainViewController.swift; sourceTree = "<group>"; };
		0701080225AE8FEE00F71636 /* HomeTableViewController.swift */ = {isa = PBXFileReference; lastKnownFileType = sourcecode.swift; path = HomeTableViewController.swift; sourceTree = "<group>"; };
		0701080525AE8FF500F71636 /* MessageTableViewController.swift */ = {isa = PBXFileReference; lastKnownFileType = sourcecode.swift; path = MessageTableViewController.swift; sourceTree = "<group>"; };
		0701080825AE8FFE00F71636 /* DiscoverTableViewController.swift */ = {isa = PBXFileReference; lastKnownFileType = sourcecode.swift; path = DiscoverTableViewController.swift; sourceTree = "<group>"; };
		0701080B25AE900500F71636 /* ProfileTableViewController.swift */ = {isa = PBXFileReference; lastKnownFileType = sourcecode.swift; path = ProfileTableViewController.swift; sourceTree = "<group>"; };
/* End PBXFileReference section */

/* Begin PBXFrameworksBuildPhase section */
		070107B325AD799000F71636 /* Frameworks */ = {
			isa = PBXFrameworksBuildPhase;
			buildActionMask = 2147483647;
			files = (
			);
			runOnlyForDeploymentPostprocessing = 0;
		};
/* End PBXFrameworksBuildPhase section */

/* Begin PBXGroup section */
		070107AD25AD799000F71636 = {
			isa = PBXGroup;
			children = (
				070107B825AD799000F71636 /* WeiBo */,
				070107B725AD799000F71636 /* Products */,
			);
			sourceTree = "<group>";
		};
		070107B725AD799000F71636 /* Products */ = {
			isa = PBXGroup;
			children = (
				070107B625AD799000F71636 /* WeiBo.app */,
			);
			name = Products;
			sourceTree = "<group>";
		};
		070107B825AD799000F71636 /* WeiBo */ = {
			isa = PBXGroup;
			children = (
				070107E225AE8B9700F71636 /* Classes */,
				070107B925AD799000F71636 /* AppDelegate.swift */,
				070107C225AD799200F71636 /* Assets.xcassets */,
				070107C425AD799200F71636 /* LaunchScreen.storyboard */,
				070107C725AD799200F71636 /* Info.plist */,
			);
			path = WeiBo;
			sourceTree = "<group>";
		};
		070107DA25AE8B3100F71636 /* Model */ = {
			isa = PBXGroup;
			children = (
			);
			path = Model;
			sourceTree = "<group>";
		};
		070107DB25AE8B3700F71636 /* View */ = {
			isa = PBXGroup;
			children = (
				070107DD25AE8B6600F71636 /* Main */,
				070107DE25AE8B6C00F71636 /* Home */,
				070107DF25AE8B7100F71636 /* Message */,
				070107E125AE8B7D00F71636 /* Discover */,
				070107E025AE8B7600F71636 /* Profile */,
			);
			path = View;
			sourceTree = "<group>";
		};
		070107DC25AE8B3F00F71636 /* ViewModel */ = {
			isa = PBXGroup;
			children = (
			);
			path = ViewModel;
			sourceTree = "<group>";
		};
		070107DD25AE8B6600F71636 /* Main */ = {
			isa = PBXGroup;
			children = (
				070107F225AE8F7500F71636 /* MainViewController.swift */,
			);
			path = Main;
			sourceTree = "<group>";
		};
		070107DE25AE8B6C00F71636 /* Home */ = {
			isa = PBXGroup;
			children = (
				0701080225AE8FEE00F71636 /* HomeTableViewController.swift */,
			);
			path = Home;
			sourceTree = "<group>";
		};
		070107DF25AE8B7100F71636 /* Message */ = {
			isa = PBXGroup;
			children = (
				0701080525AE8FF500F71636 /* MessageTableViewController.swift */,
			);
			path = Message;
			sourceTree = "<group>";
		};
		070107E025AE8B7600F71636 /* Profile */ = {
			isa = PBXGroup;
			children = (
				0701080B25AE900500F71636 /* ProfileTableViewController.swift */,
			);
			path = Profile;
			sourceTree = "<group>";
		};
		070107E125AE8B7D00F71636 /* Discover */ = {
			isa = PBXGroup;
			children = (
				0701080825AE8FFE00F71636 /* DiscoverTableViewController.swift */,
			);
			path = Discover;
			sourceTree = "<group>";
		};
		070107E225AE8B9700F71636 /* Classes */ = {
			isa = PBXGroup;
			children = (
				070107DC25AE8B3F00F71636 /* ViewModel */,
				070107DB25AE8B3700F71636 /* View */,
				070107DA25AE8B3100F71636 /* Model */,
			);
			path = Classes;
			sourceTree = "<group>";
		};
/* End PBXGroup section */

/* Begin PBXNativeTarget section */
		070107B525AD799000F71636 /* WeiBo */ = {
			isa = PBXNativeTarget;
			buildConfigurationList = 070107CA25AD799200F71636 /* Build configuration list for PBXNativeTarget "WeiBo" */;
			buildPhases = (
				070107B225AD799000F71636 /* Sources */,
				070107B325AD799000F71636 /* Frameworks */,
				070107B425AD799000F71636 /* Resources */,
			);
			buildRules = (
			);
			dependencies = (
			);
			name = WeiBo;
			productName = WeiBo;
			productReference = 070107B625AD799000F71636 /* WeiBo.app */;
			productType = "com.apple.product-type.application";
		};
/* End PBXNativeTarget section */

/* Begin PBXProject section */
		070107AE25AD799000F71636 /* Project object */ = {
			isa = PBXProject;
			attributes = {
				LastSwiftUpdateCheck = 1230;
				LastUpgradeCheck = 1230;
				TargetAttributes = {
					070107B525AD799000F71636 = {
						CreatedOnToolsVersion = 12.3;
					};
				};
			};
			buildConfigurationList = 070107B125AD799000F71636 /* Build configuration list for PBXProject "WeiBo" */;
			compatibilityVersion = "Xcode 9.3";
			developmentRegion = en;
			hasScannedForEncodings = 0;
			knownRegions = (
				en,
				Base,
			);
			mainGroup = 070107AD25AD799000F71636;
			productRefGroup = 070107B725AD799000F71636 /* Products */;
			projectDirPath = "";
			projectRoot = "";
			targets = (
				070107B525AD799000F71636 /* WeiBo */,
			);
		};
/* End PBXProject section */

/* Begin PBXResourcesBuildPhase section */
		070107B425AD799000F71636 /* Resources */ = {
			isa = PBXResourcesBuildPhase;
			buildActionMask = 2147483647;
			files = (
				070107C625AD799200F71636 /* LaunchScreen.storyboard in Resources */,
				070107C325AD799200F71636 /* Assets.xcassets in Resources */,
			);
			runOnlyForDeploymentPostprocessing = 0;
		};
/* End PBXResourcesBuildPhase section */

/* Begin PBXSourcesBuildPhase section */
		070107B225AD799000F71636 /* Sources */ = {
			isa = PBXSourcesBuildPhase;
			buildActionMask = 2147483647;
			files = (
				0701080C25AE900500F71636 /* ProfileTableViewController.swift in Sources */,
				0701080325AE8FEE00F71636 /* HomeTableViewController.swift in Sources */,
				070107BA25AD799000F71636 /* AppDelegate.swift in Sources */,
				0701080625AE8FF500F71636 /* MessageTableViewController.swift in Sources */,
				0701080925AE8FFE00F71636 /* DiscoverTableViewController.swift in Sources */,
				070107F325AE8F7500F71636 /* MainViewController.swift in Sources */,
			);
			runOnlyForDeploymentPostprocessing = 0;
		};
/* End PBXSourcesBuildPhase section */

/* Begin PBXVariantGroup section */
		070107C425AD799200F71636 /* LaunchScreen.storyboard */ = {
			isa = PBXVariantGroup;
			children = (
				070107C525AD799200F71636 /* Base */,
			);
			name = LaunchScreen.storyboard;
			sourceTree = "<group>";
		};
/* End PBXVariantGroup section */

/* Begin XCBuildConfiguration section */
		070107C825AD799200F71636 /* Debug */ = {
			isa = XCBuildConfiguration;
			buildSettings = {
				ALWAYS_SEARCH_USER_PATHS = NO;
				CLANG_ANALYZER_NONNULL = YES;
				CLANG_ANALYZER_NUMBER_OBJECT_CONVERSION = YES_AGGRESSIVE;
				CLANG_CXX_LANGUAGE_STANDARD = "gnu++14";
				CLANG_CXX_LIBRARY = "libc++";
				CLANG_ENABLE_MODULES = YES;
				CLANG_ENABLE_OBJC_ARC = YES;
				CLANG_ENABLE_OBJC_WEAK = YES;
				CLANG_WARN_BLOCK_CAPTURE_AUTORELEASING = YES;
				CLANG_WARN_BOOL_CONVERSION = YES;
				CLANG_WARN_COMMA = YES;
				CLANG_WARN_CONSTANT_CONVERSION = YES;
				CLANG_WARN_DEPRECATED_OBJC_IMPLEMENTATIONS = YES;
				CLANG_WARN_DIRECT_OBJC_ISA_USAGE = YES_ERROR;
				CLANG_WARN_DOCUMENTATION_COMMENTS = YES;
				CLANG_WARN_EMPTY_BODY = YES;
				CLANG_WARN_ENUM_CONVERSION = YES;
				CLANG_WARN_INFINITE_RECURSION = YES;
				CLANG_WARN_INT_CONVERSION = YES;
				CLANG_WARN_NON_LITERAL_NULL_CONVERSION = YES;
				CLANG_WARN_OBJC_IMPLICIT_RETAIN_SELF = YES;
				CLANG_WARN_OBJC_LITERAL_CONVERSION = YES;
				CLANG_WARN_OBJC_ROOT_CLASS = YES_ERROR;
				CLANG_WARN_QUOTED_INCLUDE_IN_FRAMEWORK_HEADER = YES;
				CLANG_WARN_RANGE_LOOP_ANALYSIS = YES;
				CLANG_WARN_STRICT_PROTOTYPES = YES;
				CLANG_WARN_SUSPICIOUS_MOVE = YES;
				CLANG_WARN_UNGUARDED_AVAILABILITY = YES_AGGRESSIVE;
				CLANG_WARN_UNREACHABLE_CODE = YES;
				CLANG_WARN__DUPLICATE_METHOD_MATCH = YES;
				COPY_PHASE_STRIP = NO;
				DEBUG_INFORMATION_FORMAT = dwarf;
				ENABLE_STRICT_OBJC_MSGSEND = YES;
				ENABLE_TESTABILITY = YES;
				GCC_C_LANGUAGE_STANDARD = gnu11;
				GCC_DYNAMIC_NO_PIC = NO;
				GCC_NO_COMMON_BLOCKS = YES;
				GCC_OPTIMIZATION_LEVEL = 0;
				GCC_PREPROCESSOR_DEFINITIONS = (
					"DEBUG=1",
					"$(inherited)",
				);
				GCC_WARN_64_TO_32_BIT_CONVERSION = YES;
				GCC_WARN_ABOUT_RETURN_TYPE = YES_ERROR;
				GCC_WARN_UNDECLARED_SELECTOR = YES;
				GCC_WARN_UNINITIALIZED_AUTOS = YES_AGGRESSIVE;
				GCC_WARN_UNUSED_FUNCTION = YES;
				GCC_WARN_UNUSED_VARIABLE = YES;
				IPHONEOS_DEPLOYMENT_TARGET = 13.4;
				MTL_ENABLE_DEBUG_INFO = INCLUDE_SOURCE;
				MTL_FAST_MATH = YES;
				ONLY_ACTIVE_ARCH = YES;
				SDKROOT = iphoneos;
				SWIFT_ACTIVE_COMPILATION_CONDITIONS = DEBUG;
				SWIFT_OPTIMIZATION_LEVEL = "-Onone";
			};
			name = Debug;
		};
		070107C925AD799200F71636 /* Release */ = {
			isa = XCBuildConfiguration;
			buildSettings = {
				ALWAYS_SEARCH_USER_PATHS = NO;
				CLANG_ANALYZER_NONNULL = YES;
				CLANG_ANALYZER_NUMBER_OBJECT_CONVERSION = YES_AGGRESSIVE;
				CLANG_CXX_LANGUAGE_STANDARD = "gnu++14";
				CLANG_CXX_LIBRARY = "libc++";
				CLANG_ENABLE_MODULES = YES;
				CLANG_ENABLE_OBJC_ARC = YES;
				CLANG_ENABLE_OBJC_WEAK = YES;
				CLANG_WARN_BLOCK_CAPTURE_AUTORELEASING = YES;
				CLANG_WARN_BOOL_CONVERSION = YES;
				CLANG_WARN_COMMA = YES;
				CLANG_WARN_CONSTANT_CONVERSION = YES;
				CLANG_WARN_DEPRECATED_OBJC_IMPLEMENTATIONS = YES;
				CLANG_WARN_DIRECT_OBJC_ISA_USAGE = YES_ERROR;
				CLANG_WARN_DOCUMENTATION_COMMENTS = YES;
				CLANG_WARN_EMPTY_BODY = YES;
				CLANG_WARN_ENUM_CONVERSION = YES;
				CLANG_WARN_INFINITE_RECURSION = YES;
				CLANG_WARN_INT_CONVERSION = YES;
				CLANG_WARN_NON_LITERAL_NULL_CONVERSION = YES;
				CLANG_WARN_OBJC_IMPLICIT_RETAIN_SELF = YES;
				CLANG_WARN_OBJC_LITERAL_CONVERSION = YES;
				CLANG_WARN_OBJC_ROOT_CLASS = YES_ERROR;
				CLANG_WARN_QUOTED_INCLUDE_IN_FRAMEWORK_HEADER = YES;
				CLANG_WARN_RANGE_LOOP_ANALYSIS = YES;
				CLANG_WARN_STRICT_PROTOTYPES = YES;
				CLANG_WARN_SUSPICIOUS_MOVE = YES;
				CLANG_WARN_UNGUARDED_AVAILABILITY = YES_AGGRESSIVE;
				CLANG_WARN_UNREACHABLE_CODE = YES;
				CLANG_WARN__DUPLICATE_METHOD_MATCH = YES;
				COPY_PHASE_STRIP = NO;
				DEBUG_INFORMATION_FORMAT = "dwarf-with-dsym";
				ENABLE_NS_ASSERTIONS = NO;
				ENABLE_STRICT_OBJC_MSGSEND = YES;
				GCC_C_LANGUAGE_STANDARD = gnu11;
				GCC_NO_COMMON_BLOCKS = YES;
				GCC_WARN_64_TO_32_BIT_CONVERSION = YES;
				GCC_WARN_ABOUT_RETURN_TYPE = YES_ERROR;
				GCC_WARN_UNDECLARED_SELECTOR = YES;
				GCC_WARN_UNINITIALIZED_AUTOS = YES_AGGRESSIVE;
				GCC_WARN_UNUSED_FUNCTION = YES;
				GCC_WARN_UNUSED_VARIABLE = YES;
				IPHONEOS_DEPLOYMENT_TARGET = 13.4;
				MTL_ENABLE_DEBUG_INFO = NO;
				MTL_FAST_MATH = YES;
				SDKROOT = iphoneos;
				SWIFT_COMPILATION_MODE = wholemodule;
				SWIFT_OPTIMIZATION_LEVEL = "-O";
				VALIDATE_PRODUCT = YES;
			};
			name = Release;
		};
		070107CB25AD799200F71636 /* Debug */ = {
			isa = XCBuildConfiguration;
			buildSettings = {
				ASSETCATALOG_COMPILER_APPICON_NAME = AppIcon;
				ASSETCATALOG_COMPILER_GLOBAL_ACCENT_COLOR_NAME = AccentColor;
				CODE_SIGN_STYLE = Automatic;
				INFOPLIST_FILE = WeiBo/Info.plist;
				IPHONEOS_DEPLOYMENT_TARGET = 13.0;
				LD_RUNPATH_SEARCH_PATHS = (
					"$(inherited)",
					"@executable_path/Frameworks",
				);
				PRODUCT_BUNDLE_IDENTIFIER = Yang.WeiBo;
				PRODUCT_NAME = "$(TARGET_NAME)";
				SWIFT_VERSION = 5.0;
				TARGETED_DEVICE_FAMILY = 1;
			};
			name = Debug;
		};
		070107CC25AD799200F71636 /* Release */ = {
			isa = XCBuildConfiguration;
			buildSettings = {
				ASSETCATALOG_COMPILER_APPICON_NAME = AppIcon;
				ASSETCATALOG_COMPILER_GLOBAL_ACCENT_COLOR_NAME = AccentColor;
				CODE_SIGN_STYLE = Automatic;
				INFOPLIST_FILE = WeiBo/Info.plist;
				IPHONEOS_DEPLOYMENT_TARGET = 13.0;
				LD_RUNPATH_SEARCH_PATHS = (
					"$(inherited)",
					"@executable_path/Frameworks",
				);
				PRODUCT_BUNDLE_IDENTIFIER = Yang.WeiBo;
				PRODUCT_NAME = "$(TARGET_NAME)";
				SWIFT_VERSION = 5.0;
				TARGETED_DEVICE_FAMILY = 1;
			};
			name = Release;
		};
/* End XCBuildConfiguration section */

/* Begin XCConfigurationList section */
		070107B125AD799000F71636 /* Build configuration list for PBXProject "WeiBo" */ = {
			isa = XCConfigurationList;
			buildConfigurations = (
				070107C825AD799200F71636 /* Debug */,
				070107C925AD799200F71636 /* Release */,
			);
			defaultConfigurationIsVisible = 0;
			defaultConfigurationName = Release;
		};
		070107CA25AD799200F71636 /* Build configuration list for PBXNativeTarget "WeiBo" */ = {
			isa = XCConfigurationList;
			buildConfigurations = (
				070107CB25AD799200F71636 /* Debug */,
				070107CC25AD799200F71636 /* Release */,
			);
			defaultConfigurationIsVisible = 0;
			defaultConfigurationName = Release;
		};
/* End XCConfigurationList section */
	};
	rootObject = 070107AE25AD799000F71636 /* Project object */;
}
